// !$*UTF8*$!
{
	archiveVersion = 1;
	classes = {
	};
	objectVersion = 56;
	objects = {

/* Begin PBXBuildFile section */
		F89B2F362C340BFD002BA1FA /* LibraryViewModel.swift in Sources */ = {isa = PBXBuildFile; fileRef = F89B2F352C340BFD002BA1FA /* LibraryViewModel.swift */; };
		F89B2F382C340C32002BA1FA /* LibraryApp.swift in Sources */ = {isa = PBXBuildFile; fileRef = F89B2F372C340C32002BA1FA /* LibraryApp.swift */; };
		F8B022A02C32BEA2003E4235 /* ContentView.swift in Sources */ = {isa = PBXBuildFile; fileRef = F8B0229F2C32BEA2003E4235 /* ContentView.swift */; };
		F8CCE92A2C2F0ABE00D456B4 /* Assets.xcassets in Resources */ = {isa = PBXBuildFile; fileRef = F8CCE9292C2F0ABE00D456B4 /* Assets.xcassets */; };
		F8CCE92D2C2F0ABE00D456B4 /* Preview Assets.xcassets in Resources */ = {isa = PBXBuildFile; fileRef = F8CCE92C2C2F0ABE00D456B4 /* Preview Assets.xcassets */; };
		F8CCE9382C2F0ABE00D456B4 /* client_swiftTests.swift in Sources */ = {isa = PBXBuildFile; fileRef = F8CCE9372C2F0ABE00D456B4 /* client_swiftTests.swift */; };
		F8CCE9422C2F0ABE00D456B4 /* client_swiftUITests.swift in Sources */ = {isa = PBXBuildFile; fileRef = F8CCE9412C2F0ABE00D456B4 /* client_swiftUITests.swift */; };
		F8CCE9442C2F0ABE00D456B4 /* client_swiftUITestsLaunchTests.swift in Sources */ = {isa = PBXBuildFile; fileRef = F8CCE9432C2F0ABE00D456B4 /* client_swiftUITestsLaunchTests.swift */; };
		F8CCE9522C2F0D2E00D456B4 /* grpc_client.swift in Sources */ = {isa = PBXBuildFile; fileRef = F8CCE9512C2F0D2E00D456B4 /* grpc_client.swift */; };
		F8CCE9552C2F0E3400D456B4 /* GRPC in Frameworks */ = {isa = PBXBuildFile; productRef = F8CCE9542C2F0E3400D456B4 /* GRPC */; };
		F8CCE9582C2F112700D456B4 /* library.grpc.swift in Sources */ = {isa = PBXBuildFile; fileRef = F8CCE9562C2F112600D456B4 /* library.grpc.swift */; };
		F8CCE9592C2F112700D456B4 /* library.pb.swift in Sources */ = {isa = PBXBuildFile; fileRef = F8CCE9572C2F112700D456B4 /* library.pb.swift */; };
		F8CCE95B2C2F134900D456B4 /* library_client.swift in Sources */ = {isa = PBXBuildFile; fileRef = F8CCE95A2C2F134900D456B4 /* library_client.swift */; };
		F8CCE95D2C2FDAF400D456B4 /* main.swift in Sources */ = {isa = PBXBuildFile; fileRef = F8CCE95C2C2FDAF400D456B4 /* main.swift */; };
/* End PBXBuildFile section */

/* Begin PBXContainerItemProxy section */
		F8CCE9342C2F0ABE00D456B4 /* PBXContainerItemProxy */ = {
			isa = PBXContainerItemProxy;
			containerPortal = F8CCE91A2C2F0ABC00D456B4 /* Project object */;
			proxyType = 1;
			remoteGlobalIDString = F8CCE9212C2F0ABC00D456B4;
			remoteInfo = client_swift;
		};
		F8CCE93E2C2F0ABE00D456B4 /* PBXContainerItemProxy */ = {
			isa = PBXContainerItemProxy;
			containerPortal = F8CCE91A2C2F0ABC00D456B4 /* Project object */;
			proxyType = 1;
			remoteGlobalIDString = F8CCE9212C2F0ABC00D456B4;
			remoteInfo = client_swift;
		};
/* End PBXContainerItemProxy section */

/* Begin PBXFileReference section */
		F89B2F352C340BFD002BA1FA /* LibraryViewModel.swift */ = {isa = PBXFileReference; lastKnownFileType = sourcecode.swift; path = LibraryViewModel.swift; sourceTree = "<group>"; };
		F89B2F372C340C32002BA1FA /* LibraryApp.swift */ = {isa = PBXFileReference; lastKnownFileType = sourcecode.swift; path = LibraryApp.swift; sourceTree = "<group>"; };
		F8B0229F2C32BEA2003E4235 /* ContentView.swift */ = {isa = PBXFileReference; lastKnownFileType = sourcecode.swift; path = ContentView.swift; sourceTree = "<group>"; };
		F8CCE9222C2F0ABC00D456B4 /* client_swift.app */ = {isa = PBXFileReference; explicitFileType = wrapper.application; includeInIndex = 0; path = client_swift.app; sourceTree = BUILT_PRODUCTS_DIR; };
		F8CCE9252C2F0ABC00D456B4 /* client_swiftApp.swift */ = {isa = PBXFileReference; lastKnownFileType = sourcecode.swift; path = client_swiftApp.swift; sourceTree = "<group>"; };
		F8CCE9272C2F0ABC00D456B4 /* ContentView.swift */ = {isa = PBXFileReference; lastKnownFileType = sourcecode.swift; path = ContentView.swift; sourceTree = "<group>"; };
		F8CCE9292C2F0ABE00D456B4 /* Assets.xcassets */ = {isa = PBXFileReference; lastKnownFileType = folder.assetcatalog; path = Assets.xcassets; sourceTree = "<group>"; };
		F8CCE92C2C2F0ABE00D456B4 /* Preview Assets.xcassets */ = {isa = PBXFileReference; lastKnownFileType = folder.assetcatalog; path = "Preview Assets.xcassets"; sourceTree = "<group>"; };
		F8CCE92E2C2F0ABE00D456B4 /* client_swift.entitlements */ = {isa = PBXFileReference; lastKnownFileType = text.plist.entitlements; path = client_swift.entitlements; sourceTree = "<group>"; };
		F8CCE9332C2F0ABE00D456B4 /* client_swiftTests.xctest */ = {isa = PBXFileReference; explicitFileType = wrapper.cfbundle; includeInIndex = 0; path = client_swiftTests.xctest; sourceTree = BUILT_PRODUCTS_DIR; };
		F8CCE9372C2F0ABE00D456B4 /* client_swiftTests.swift */ = {isa = PBXFileReference; lastKnownFileType = sourcecode.swift; path = client_swiftTests.swift; sourceTree = "<group>"; };
		F8CCE93D2C2F0ABE00D456B4 /* client_swiftUITests.xctest */ = {isa = PBXFileReference; explicitFileType = wrapper.cfbundle; includeInIndex = 0; path = client_swiftUITests.xctest; sourceTree = BUILT_PRODUCTS_DIR; };
		F8CCE9412C2F0ABE00D456B4 /* client_swiftUITests.swift */ = {isa = PBXFileReference; lastKnownFileType = sourcecode.swift; path = client_swiftUITests.swift; sourceTree = "<group>"; };
		F8CCE9432C2F0ABE00D456B4 /* client_swiftUITestsLaunchTests.swift */ = {isa = PBXFileReference; lastKnownFileType = sourcecode.swift; path = client_swiftUITestsLaunchTests.swift; sourceTree = "<group>"; };
		F8CCE9512C2F0D2E00D456B4 /* grpc_client.swift */ = {isa = PBXFileReference; lastKnownFileType = sourcecode.swift; path = grpc_client.swift; sourceTree = "<group>"; };
		F8CCE9562C2F112600D456B4 /* library.grpc.swift */ = {isa = PBXFileReference; fileEncoding = 4; lastKnownFileType = sourcecode.swift; path = library.grpc.swift; sourceTree = "<group>"; };
		F8CCE9572C2F112700D456B4 /* library.pb.swift */ = {isa = PBXFileReference; fileEncoding = 4; lastKnownFileType = sourcecode.swift; path = library.pb.swift; sourceTree = "<group>"; };
		F8CCE95A2C2F134900D456B4 /* library_client.swift */ = {isa = PBXFileReference; lastKnownFileType = sourcecode.swift; path = library_client.swift; sourceTree = "<group>"; };
		F8CCE95C2C2FDAF400D456B4 /* main.swift */ = {isa = PBXFileReference; lastKnownFileType = sourcecode.swift; path = main.swift; sourceTree = "<group>"; };
		F8CCE9BD2C319C6200D456B4 /* client-swift-Info.plist */ = {isa = PBXFileReference; fileEncoding = 4; lastKnownFileType = text.plist.xml; path = "client-swift-Info.plist"; sourceTree = "<group>"; };
/* End PBXFileReference section */

/* Begin PBXFrameworksBuildPhase section */
		F8CCE91F2C2F0ABC00D456B4 /* Frameworks */ = {
			isa = PBXFrameworksBuildPhase;
			buildActionMask = 2147483647;
			files = (
				F8CCE9552C2F0E3400D456B4 /* GRPC in Frameworks */,
			);
			runOnlyForDeploymentPostprocessing = 0;
		};
		F8CCE9302C2F0ABE00D456B4 /* Frameworks */ = {
			isa = PBXFrameworksBuildPhase;
			buildActionMask = 2147483647;
			files = (
			);
			runOnlyForDeploymentPostprocessing = 0;
		};
		F8CCE93A2C2F0ABE00D456B4 /* Frameworks */ = {
			isa = PBXFrameworksBuildPhase;
			buildActionMask = 2147483647;
			files = (
			);
			runOnlyForDeploymentPostprocessing = 0;
		};
/* End PBXFrameworksBuildPhase section */

/* Begin PBXGroup section */
		F8CCE9192C2F0ABC00D456B4 = {
			isa = PBXGroup;
			children = (
				F89B2F372C340C32002BA1FA /* LibraryApp.swift */,
				F89B2F352C340BFD002BA1FA /* LibraryViewModel.swift */,
				F8B0229F2C32BEA2003E4235 /* ContentView.swift */,
				F8CCE9BD2C319C6200D456B4 /* client-swift-Info.plist */,
				F8CCE95C2C2FDAF400D456B4 /* main.swift */,
				F8CCE95A2C2F134900D456B4 /* library_client.swift */,
				F8CCE9562C2F112600D456B4 /* library.grpc.swift */,
				F8CCE9572C2F112700D456B4 /* library.pb.swift */,
				F8CCE9242C2F0ABC00D456B4 /* client_swift */,
				F8CCE9362C2F0ABE00D456B4 /* client_swiftTests */,
				F8CCE9402C2F0ABE00D456B4 /* client_swiftUITests */,
				F8CCE9232C2F0ABC00D456B4 /* Products */,
				F8CCE9532C2F0E3400D456B4 /* Frameworks */,
			);
			sourceTree = "<group>";
		};
		F8CCE9232C2F0ABC00D456B4 /* Products */ = {
			isa = PBXGroup;
			children = (
				F8CCE9222C2F0ABC00D456B4 /* client_swift.app */,
				F8CCE9332C2F0ABE00D456B4 /* client_swiftTests.xctest */,
				F8CCE93D2C2F0ABE00D456B4 /* client_swiftUITests.xctest */,
			);
			name = Products;
			sourceTree = "<group>";
		};
		F8CCE9242C2F0ABC00D456B4 /* client_swift */ = {
			isa = PBXGroup;
			children = (
				F8CCE9252C2F0ABC00D456B4 /* client_swiftApp.swift */,
				F8CCE9272C2F0ABC00D456B4 /* ContentView.swift */,
				F8CCE9512C2F0D2E00D456B4 /* grpc_client.swift */,
				F8CCE9292C2F0ABE00D456B4 /* Assets.xcassets */,
				F8CCE92E2C2F0ABE00D456B4 /* client_swift.entitlements */,
				F8CCE92B2C2F0ABE00D456B4 /* Preview Content */,
			);
			path = client_swift;
			sourceTree = "<group>";
		};
		F8CCE92B2C2F0ABE00D456B4 /* Preview Content */ = {
			isa = PBXGroup;
			children = (
				F8CCE92C2C2F0ABE00D456B4 /* Preview Assets.xcassets */,
			);
			path = "Preview Content";
			sourceTree = "<group>";
		};
		F8CCE9362C2F0ABE00D456B4 /* client_swiftTests */ = {
			isa = PBXGroup;
			children = (
				F8CCE9372C2F0ABE00D456B4 /* client_swiftTests.swift */,
			);
			path = client_swiftTests;
			sourceTree = "<group>";
		};
		F8CCE9402C2F0ABE00D456B4 /* client_swiftUITests */ = {
			isa = PBXGroup;
			children = (
				F8CCE9412C2F0ABE00D456B4 /* client_swiftUITests.swift */,
				F8CCE9432C2F0ABE00D456B4 /* client_swiftUITestsLaunchTests.swift */,
			);
			path = client_swiftUITests;
			sourceTree = "<group>";
		};
		F8CCE9532C2F0E3400D456B4 /* Frameworks */ = {
			isa = PBXGroup;
			children = (
			);
			name = Frameworks;
			sourceTree = "<group>";
		};
/* End PBXGroup section */

/* Begin PBXNativeTarget section */
		F8CCE9212C2F0ABC00D456B4 /* client_swift */ = {
			isa = PBXNativeTarget;
			buildConfigurationList = F8CCE9472C2F0ABE00D456B4 /* Build configuration list for PBXNativeTarget "client_swift" */;
			buildPhases = (
				F8CCE91E2C2F0ABC00D456B4 /* Sources */,
				F8CCE91F2C2F0ABC00D456B4 /* Frameworks */,
				F8CCE9202C2F0ABC00D456B4 /* Resources */,
			);
			buildRules = (
			);
			dependencies = (
			);
			name = client_swift;
			packageProductDependencies = (
				F8CCE9542C2F0E3400D456B4 /* GRPC */,
			);
			productName = client_swift;
			productReference = F8CCE9222C2F0ABC00D456B4 /* client_swift.app */;
			productType = "com.apple.product-type.application";
		};
		F8CCE9322C2F0ABE00D456B4 /* client_swiftTests */ = {
			isa = PBXNativeTarget;
			buildConfigurationList = F8CCE94A2C2F0ABE00D456B4 /* Build configuration list for PBXNativeTarget "client_swiftTests" */;
			buildPhases = (
				F8CCE92F2C2F0ABE00D456B4 /* Sources */,
				F8CCE9302C2F0ABE00D456B4 /* Frameworks */,
				F8CCE9312C2F0ABE00D456B4 /* Resources */,
			);
			buildRules = (
			);
			dependencies = (
				F8CCE9352C2F0ABE00D456B4 /* PBXTargetDependency */,
			);
			name = client_swiftTests;
			productName = client_swiftTests;
			productReference = F8CCE9332C2F0ABE00D456B4 /* client_swiftTests.xctest */;
			productType = "com.apple.product-type.bundle.unit-test";
		};
		F8CCE93C2C2F0ABE00D456B4 /* client_swiftUITests */ = {
			isa = PBXNativeTarget;
			buildConfigurationList = F8CCE94D2C2F0ABE00D456B4 /* Build configuration list for PBXNativeTarget "client_swiftUITests" */;
			buildPhases = (
				F8CCE9392C2F0ABE00D456B4 /* Sources */,
				F8CCE93A2C2F0ABE00D456B4 /* Frameworks */,
				F8CCE93B2C2F0ABE00D456B4 /* Resources */,
			);
			buildRules = (
			);
			dependencies = (
				F8CCE93F2C2F0ABE00D456B4 /* PBXTargetDependency */,
			);
			name = client_swiftUITests;
			productName = client_swiftUITests;
			productReference = F8CCE93D2C2F0ABE00D456B4 /* client_swiftUITests.xctest */;
			productType = "com.apple.product-type.bundle.ui-testing";
		};
/* End PBXNativeTarget section */

/* Begin PBXProject section */
		F8CCE91A2C2F0ABC00D456B4 /* Project object */ = {
			isa = PBXProject;
			attributes = {
				BuildIndependentTargetsInParallel = 1;
				LastSwiftUpdateCheck = 1520;
				LastUpgradeCheck = 1520;
				TargetAttributes = {
					F8CCE9212C2F0ABC00D456B4 = {
						CreatedOnToolsVersion = 15.2;
					};
					F8CCE9322C2F0ABE00D456B4 = {
						CreatedOnToolsVersion = 15.2;
						TestTargetID = F8CCE9212C2F0ABC00D456B4;
					};
					F8CCE93C2C2F0ABE00D456B4 = {
						CreatedOnToolsVersion = 15.2;
						TestTargetID = F8CCE9212C2F0ABC00D456B4;
					};
				};
			};
			buildConfigurationList = F8CCE91D2C2F0ABC00D456B4 /* Build configuration list for PBXProject "client_swift" */;
			compatibilityVersion = "Xcode 14.0";
			developmentRegion = en;
			hasScannedForEncodings = 0;
			knownRegions = (
				en,
				Base,
			);
			mainGroup = F8CCE9192C2F0ABC00D456B4;
			packageReferences = (
				F8CCE9502C2F0BDD00D456B4 /* XCRemoteSwiftPackageReference "grpc-swift" */,
			);
			productRefGroup = F8CCE9232C2F0ABC00D456B4 /* Products */;
			projectDirPath = "";
			projectRoot = "";
			targets = (
				F8CCE9212C2F0ABC00D456B4 /* client_swift */,
				F8CCE9322C2F0ABE00D456B4 /* client_swiftTests */,
				F8CCE93C2C2F0ABE00D456B4 /* client_swiftUITests */,
			);
		};
/* End PBXProject section */

/* Begin PBXResourcesBuildPhase section */
		F8CCE9202C2F0ABC00D456B4 /* Resources */ = {
			isa = PBXResourcesBuildPhase;
			buildActionMask = 2147483647;
			files = (
				F8CCE92D2C2F0ABE00D456B4 /* Preview Assets.xcassets in Resources */,
				F8CCE92A2C2F0ABE00D456B4 /* Assets.xcassets in Resources */,
			);
			runOnlyForDeploymentPostprocessing = 0;
		};
		F8CCE9312C2F0ABE00D456B4 /* Resources */ = {
			isa = PBXResourcesBuildPhase;
			buildActionMask = 2147483647;
			files = (
			);
			runOnlyForDeploymentPostprocessing = 0;
		};
		F8CCE93B2C2F0ABE00D456B4 /* Resources */ = {
			isa = PBXResourcesBuildPhase;
			buildActionMask = 2147483647;
			files = (
			);
			runOnlyForDeploymentPostprocessing = 0;
		};
/* End PBXResourcesBuildPhase section */

/* Begin PBXSourcesBuildPhase section */
		F8CCE91E2C2F0ABC00D456B4 /* Sources */ = {
			isa = PBXSourcesBuildPhase;
			buildActionMask = 2147483647;
			files = (
				F89B2F362C340BFD002BA1FA /* LibraryViewModel.swift in Sources */,
				F89B2F382C340C32002BA1FA /* LibraryApp.swift in Sources */,
				F8CCE95B2C2F134900D456B4 /* library_client.swift in Sources */,
				F8CCE95D2C2FDAF400D456B4 /* main.swift in Sources */,
				F8B022A02C32BEA2003E4235 /* ContentView.swift in Sources */,
				F8CCE9582C2F112700D456B4 /* library.grpc.swift in Sources */,
				F8CCE9522C2F0D2E00D456B4 /* grpc_client.swift in Sources */,
				F8CCE9592C2F112700D456B4 /* library.pb.swift in Sources */,
			);
			runOnlyForDeploymentPostprocessing = 0;
		};
		F8CCE92F2C2F0ABE00D456B4 /* Sources */ = {
			isa = PBXSourcesBuildPhase;
			buildActionMask = 2147483647;
			files = (
				F8CCE9382C2F0ABE00D456B4 /* client_swiftTests.swift in Sources */,
			);
			runOnlyForDeploymentPostprocessing = 0;
		};
		F8CCE9392C2F0ABE00D456B4 /* Sources */ = {
			isa = PBXSourcesBuildPhase;
			buildActionMask = 2147483647;
			files = (
				F8CCE9422C2F0ABE00D456B4 /* client_swiftUITests.swift in Sources */,
				F8CCE9442C2F0ABE00D456B4 /* client_swiftUITestsLaunchTests.swift in Sources */,
			);
			runOnlyForDeploymentPostprocessing = 0;
		};
/* End PBXSourcesBuildPhase section */

/* Begin PBXTargetDependency section */
		F8CCE9352C2F0ABE00D456B4 /* PBXTargetDependency */ = {
			isa = PBXTargetDependency;
			target = F8CCE9212C2F0ABC00D456B4 /* client_swift */;
			targetProxy = F8CCE9342C2F0ABE00D456B4 /* PBXContainerItemProxy */;
		};
		F8CCE93F2C2F0ABE00D456B4 /* PBXTargetDependency */ = {
			isa = PBXTargetDependency;
			target = F8CCE9212C2F0ABC00D456B4 /* client_swift */;
			targetProxy = F8CCE93E2C2F0ABE00D456B4 /* PBXContainerItemProxy */;
		};
/* End PBXTargetDependency section */

/* Begin XCBuildConfiguration section */
		F8CCE9452C2F0ABE00D456B4 /* Debug */ = {
			isa = XCBuildConfiguration;
			buildSettings = {
				ALWAYS_SEARCH_USER_PATHS = NO;
				ASSETCATALOG_COMPILER_GENERATE_SWIFT_ASSET_SYMBOL_EXTENSIONS = YES;
				CLANG_ANALYZER_NONNULL = YES;
				CLANG_ANALYZER_NUMBER_OBJECT_CONVERSION = YES_AGGRESSIVE;
				CLANG_CXX_LANGUAGE_STANDARD = "gnu++20";
				CLANG_ENABLE_MODULES = YES;
				CLANG_ENABLE_OBJC_ARC = YES;
				CLANG_ENABLE_OBJC_WEAK = YES;
				CLANG_WARN_BLOCK_CAPTURE_AUTORELEASING = YES;
				CLANG_WARN_BOOL_CONVERSION = YES;
				CLANG_WARN_COMMA = YES;
				CLANG_WARN_CONSTANT_CONVERSION = YES;
				CLANG_WARN_DEPRECATED_OBJC_IMPLEMENTATIONS = YES;
				CLANG_WARN_DIRECT_OBJC_ISA_USAGE = YES_ERROR;
				CLANG_WARN_DOCUMENTATION_COMMENTS = YES;
				CLANG_WARN_EMPTY_BODY = YES;
				CLANG_WARN_ENUM_CONVERSION = YES;
				CLANG_WARN_INFINITE_RECURSION = YES;
				CLANG_WARN_INT_CONVERSION = YES;
				CLANG_WARN_NON_LITERAL_NULL_CONVERSION = YES;
				CLANG_WARN_OBJC_IMPLICIT_RETAIN_SELF = YES;
				CLANG_WARN_OBJC_LITERAL_CONVERSION = YES;
				CLANG_WARN_OBJC_ROOT_CLASS = YES_ERROR;
				CLANG_WARN_QUOTED_INCLUDE_IN_FRAMEWORK_HEADER = YES;
				CLANG_WARN_RANGE_LOOP_ANALYSIS = YES;
				CLANG_WARN_STRICT_PROTOTYPES = YES;
				CLANG_WARN_SUSPICIOUS_MOVE = YES;
				CLANG_WARN_UNGUARDED_AVAILABILITY = YES_AGGRESSIVE;
				CLANG_WARN_UNREACHABLE_CODE = YES;
				CLANG_WARN__DUPLICATE_METHOD_MATCH = YES;
				COPY_PHASE_STRIP = NO;
				DEBUG_INFORMATION_FORMAT = dwarf;
				ENABLE_STRICT_OBJC_MSGSEND = YES;
				ENABLE_TESTABILITY = YES;
				ENABLE_USER_SCRIPT_SANDBOXING = YES;
				GCC_C_LANGUAGE_STANDARD = gnu17;
				GCC_DYNAMIC_NO_PIC = NO;
				GCC_NO_COMMON_BLOCKS = YES;
				GCC_OPTIMIZATION_LEVEL = 0;
				GCC_PREPROCESSOR_DEFINITIONS = (
					"DEBUG=1",
					"$(inherited)",
				);
				GCC_WARN_64_TO_32_BIT_CONVERSION = YES;
				GCC_WARN_ABOUT_RETURN_TYPE = YES_ERROR;
				GCC_WARN_UNDECLARED_SELECTOR = YES;
				GCC_WARN_UNINITIALIZED_AUTOS = YES_AGGRESSIVE;
				GCC_WARN_UNUSED_FUNCTION = YES;
				GCC_WARN_UNUSED_VARIABLE = YES;
				LOCALIZATION_PREFERS_STRING_CATALOGS = YES;
				MACOSX_DEPLOYMENT_TARGET = 14.2;
				MTL_ENABLE_DEBUG_INFO = INCLUDE_SOURCE;
				MTL_FAST_MATH = YES;
				ONLY_ACTIVE_ARCH = YES;
				SDKROOT = macosx;
				SWIFT_ACTIVE_COMPILATION_CONDITIONS = "DEBUG $(inherited)";
				SWIFT_OPTIMIZATION_LEVEL = "-Onone";
			};
			name = Debug;
		};
		F8CCE9462C2F0ABE00D456B4 /* Release */ = {
			isa = XCBuildConfiguration;
			buildSettings = {
				ALWAYS_SEARCH_USER_PATHS = NO;
				ASSETCATALOG_COMPILER_GENERATE_SWIFT_ASSET_SYMBOL_EXTENSIONS = YES;
				CLANG_ANALYZER_NONNULL = YES;
				CLANG_ANALYZER_NUMBER_OBJECT_CONVERSION = YES_AGGRESSIVE;
				CLANG_CXX_LANGUAGE_STANDARD = "gnu++20";
				CLANG_ENABLE_MODULES = YES;
				CLANG_ENABLE_OBJC_ARC = YES;
				CLANG_ENABLE_OBJC_WEAK = YES;
				CLANG_WARN_BLOCK_CAPTURE_AUTORELEASING = YES;
				CLANG_WARN_BOOL_CONVERSION = YES;
				CLANG_WARN_COMMA = YES;
				CLANG_WARN_CONSTANT_CONVERSION = YES;
				CLANG_WARN_DEPRECATED_OBJC_IMPLEMENTATIONS = YES;
				CLANG_WARN_DIRECT_OBJC_ISA_USAGE = YES_ERROR;
				CLANG_WARN_DOCUMENTATION_COMMENTS = YES;
				CLANG_WARN_EMPTY_BODY = YES;
				CLANG_WARN_ENUM_CONVERSION = YES;
				CLANG_WARN_INFINITE_RECURSION = YES;
				CLANG_WARN_INT_CONVERSION = YES;
				CLANG_WARN_NON_LITERAL_NULL_CONVERSION = YES;
				CLANG_WARN_OBJC_IMPLICIT_RETAIN_SELF = YES;
				CLANG_WARN_OBJC_LITERAL_CONVERSION = YES;
				CLANG_WARN_OBJC_ROOT_CLASS = YES_ERROR;
				CLANG_WARN_QUOTED_INCLUDE_IN_FRAMEWORK_HEADER = YES;
				CLANG_WARN_RANGE_LOOP_ANALYSIS = YES;
				CLANG_WARN_STRICT_PROTOTYPES = YES;
				CLANG_WARN_SUSPICIOUS_MOVE = YES;
				CLANG_WARN_UNGUARDED_AVAILABILITY = YES_AGGRESSIVE;
				CLANG_WARN_UNREACHABLE_CODE = YES;
				CLANG_WARN__DUPLICATE_METHOD_MATCH = YES;
				COPY_PHASE_STRIP = NO;
				DEBUG_INFORMATION_FORMAT = "dwarf-with-dsym";
				ENABLE_NS_ASSERTIONS = NO;
				ENABLE_STRICT_OBJC_MSGSEND = YES;
				ENABLE_USER_SCRIPT_SANDBOXING = YES;
				GCC_C_LANGUAGE_STANDARD = gnu17;
				GCC_NO_COMMON_BLOCKS = YES;
				GCC_WARN_64_TO_32_BIT_CONVERSION = YES;
				GCC_WARN_ABOUT_RETURN_TYPE = YES_ERROR;
				GCC_WARN_UNDECLARED_SELECTOR = YES;
				GCC_WARN_UNINITIALIZED_AUTOS = YES_AGGRESSIVE;
				GCC_WARN_UNUSED_FUNCTION = YES;
				GCC_WARN_UNUSED_VARIABLE = YES;
				LOCALIZATION_PREFERS_STRING_CATALOGS = YES;
				MACOSX_DEPLOYMENT_TARGET = 14.2;
				MTL_ENABLE_DEBUG_INFO = NO;
				MTL_FAST_MATH = YES;
				SDKROOT = macosx;
				SWIFT_COMPILATION_MODE = wholemodule;
			};
			name = Release;
		};
		F8CCE9482C2F0ABE00D456B4 /* Debug */ = {
			isa = XCBuildConfiguration;
			buildSettings = {
				ASSETCATALOG_COMPILER_APPICON_NAME = AppIcon;
				ASSETCATALOG_COMPILER_GLOBAL_ACCENT_COLOR_NAME = AccentColor;
				CODE_SIGN_ENTITLEMENTS = client_swift/client_swift.entitlements;
				CODE_SIGN_STYLE = Automatic;
				COMBINE_HIDPI_IMAGES = YES;
				CURRENT_PROJECT_VERSION = 1;
				DEVELOPMENT_ASSET_PATHS = "\"client_swift/Preview Content\"";
				ENABLE_PREVIEWS = YES;
				GENERATE_INFOPLIST_FILE = YES;
				INFOPLIST_FILE = "client-swift-Info.plist";
				INFOPLIST_KEY_NSHumanReadableCopyright = "";
				LD_RUNPATH_SEARCH_PATHS = (
					"$(inherited)",
					"@executable_path/../Frameworks",
				);
				MARKETING_VERSION = 1.0;
				PRODUCT_BUNDLE_IDENTIFIER = "com.LibraryApp.client-swift";
				PRODUCT_NAME = "$(TARGET_NAME)";
				SUPPORTED_PLATFORMS = "iphoneos iphonesimulator macosx";
				SUPPORTS_MACCATALYST = NO;
				SWIFT_EMIT_LOC_STRINGS = YES;
				SWIFT_VERSION = 5.0;
				TARGETED_DEVICE_FAMILY = 1;
			};
			name = Debug;
		};
		F8CCE9492C2F0ABE00D456B4 /* Release */ = {
			isa = XCBuildConfiguration;
			buildSettings = {
				ASSETCATALOG_COMPILER_APPICON_NAME = AppIcon;
				ASSETCATALOG_COMPILER_GLOBAL_ACCENT_COLOR_NAME = AccentColor;
				CODE_SIGN_ENTITLEMENTS = client_swift/client_swift.entitlements;
				CODE_SIGN_STYLE = Automatic;
				COMBINE_HIDPI_IMAGES = YES;
				CURRENT_PROJECT_VERSION = 1;
				DEVELOPMENT_ASSET_PATHS = "\"client_swift/Preview Content\"";
				ENABLE_PREVIEWS = YES;
				GENERATE_INFOPLIST_FILE = YES;
				INFOPLIST_FILE = "client-swift-Info.plist";
				INFOPLIST_KEY_NSHumanReadableCopyright = "";
				LD_RUNPATH_SEARCH_PATHS = (
					"$(inherited)",
					"@executable_path/../Frameworks",
				);
				MARKETING_VERSION = 1.0;
				PRODUCT_BUNDLE_IDENTIFIER = "com.LibraryApp.client-swift";
				PRODUCT_NAME = "$(TARGET_NAME)";
				SUPPORTED_PLATFORMS = "iphoneos iphonesimulator macosx";
				SUPPORTS_MACCATALYST = NO;
				SWIFT_EMIT_LOC_STRINGS = YES;
				SWIFT_VERSION = 5.0;
				TARGETED_DEVICE_FAMILY = 1;
			};
			name = Release;
		};
		F8CCE94B2C2F0ABE00D456B4 /* Debug */ = {
			isa = XCBuildConfiguration;
			buildSettings = {
				ALWAYS_EMBED_SWIFT_STANDARD_LIBRARIES = YES;
				BUNDLE_LOADER = "$(TEST_HOST)";
				CODE_SIGN_STYLE = Automatic;
				CURRENT_PROJECT_VERSION = 1;
				GENERATE_INFOPLIST_FILE = YES;
				MACOSX_DEPLOYMENT_TARGET = 14.2;
				MARKETING_VERSION = 1.0;
				PRODUCT_BUNDLE_IDENTIFIER = "com.FirstIOSProject.client-swiftTests";
				PRODUCT_NAME = "$(TARGET_NAME)";
				SWIFT_EMIT_LOC_STRINGS = NO;
				SWIFT_VERSION = 5.0;
				TEST_HOST = "$(BUILT_PRODUCTS_DIR)/client_swift.app/$(BUNDLE_EXECUTABLE_FOLDER_PATH)/client_swift";
			};
			name = Debug;
		};
		F8CCE94C2C2F0ABE00D456B4 /* Release */ = {
			isa = XCBuildConfiguration;
			buildSettings = {
				ALWAYS_EMBED_SWIFT_STANDARD_LIBRARIES = YES;
				BUNDLE_LOADER = "$(TEST_HOST)";
				CODE_SIGN_STYLE = Automatic;
				CURRENT_PROJECT_VERSION = 1;
				GENERATE_INFOPLIST_FILE = YES;
				MACOSX_DEPLOYMENT_TARGET = 14.2;
				MARKETING_VERSION = 1.0;
				PRODUCT_BUNDLE_IDENTIFIER = "com.FirstIOSProject.client-swiftTests";
				PRODUCT_NAME = "$(TARGET_NAME)";
				SWIFT_EMIT_LOC_STRINGS = NO;
				SWIFT_VERSION = 5.0;
				TEST_HOST = "$(BUILT_PRODUCTS_DIR)/client_swift.app/$(BUNDLE_EXECUTABLE_FOLDER_PATH)/client_swift";
			};
			name = Release;
		};
		F8CCE94E2C2F0ABE00D456B4 /* Debug */ = {
			isa = XCBuildConfiguration;
			buildSettings = {
				ALWAYS_EMBED_SWIFT_STANDARD_LIBRARIES = YES;
				CODE_SIGN_STYLE = Automatic;
				CURRENT_PROJECT_VERSION = 1;
				GENERATE_INFOPLIST_FILE = YES;
				MARKETING_VERSION = 1.0;
				PRODUCT_BUNDLE_IDENTIFIER = "com.FirstIOSProject.client-swiftUITests";
				PRODUCT_NAME = "$(TARGET_NAME)";
				SWIFT_EMIT_LOC_STRINGS = NO;
				SWIFT_VERSION = 5.0;
				TEST_TARGET_NAME = client_swift;
			};
			name = Debug;
		};
		F8CCE94F2C2F0ABE00D456B4 /* Release */ = {
			isa = XCBuildConfiguration;
			buildSettings = {
				ALWAYS_EMBED_SWIFT_STANDARD_LIBRARIES = YES;
				CODE_SIGN_STYLE = Automatic;
				CURRENT_PROJECT_VERSION = 1;
				GENERATE_INFOPLIST_FILE = YES;
				MARKETING_VERSION = 1.0;
				PRODUCT_BUNDLE_IDENTIFIER = "com.FirstIOSProject.client-swiftUITests";
				PRODUCT_NAME = "$(TARGET_NAME)";
				SWIFT_EMIT_LOC_STRINGS = NO;
				SWIFT_VERSION = 5.0;
				TEST_TARGET_NAME = client_swift;
			};
			name = Release;
		};
/* End XCBuildConfiguration section */

/* Begin XCConfigurationList section */
		F8CCE91D2C2F0ABC00D456B4 /* Build configuration list for PBXProject "client_swift" */ = {
			isa = XCConfigurationList;
			buildConfigurations = (
				F8CCE9452C2F0ABE00D456B4 /* Debug */,
				F8CCE9462C2F0ABE00D456B4 /* Release */,
			);
			defaultConfigurationIsVisible = 0;
			defaultConfigurationName = Release;
		};
		F8CCE9472C2F0ABE00D456B4 /* Build configuration list for PBXNativeTarget "client_swift" */ = {
			isa = XCConfigurationList;
			buildConfigurations = (
				F8CCE9482C2F0ABE00D456B4 /* Debug */,
				F8CCE9492C2F0ABE00D456B4 /* Release */,
			);
			defaultConfigurationIsVisible = 0;
			defaultConfigurationName = Release;
		};
		F8CCE94A2C2F0ABE00D456B4 /* Build configuration list for PBXNativeTarget "client_swiftTests" */ = {
			isa = XCConfigurationList;
			buildConfigurations = (
				F8CCE94B2C2F0ABE00D456B4 /* Debug */,
				F8CCE94C2C2F0ABE00D456B4 /* Release */,
			);
			defaultConfigurationIsVisible = 0;
			defaultConfigurationName = Release;
		};
		F8CCE94D2C2F0ABE00D456B4 /* Build configuration list for PBXNativeTarget "client_swiftUITests" */ = {
			isa = XCConfigurationList;
			buildConfigurations = (
				F8CCE94E2C2F0ABE00D456B4 /* Debug */,
				F8CCE94F2C2F0ABE00D456B4 /* Release */,
			);
			defaultConfigurationIsVisible = 0;
			defaultConfigurationName = Release;
		};
/* End XCConfigurationList section */

/* Begin XCRemoteSwiftPackageReference section */
		F8CCE9502C2F0BDD00D456B4 /* XCRemoteSwiftPackageReference "grpc-swift" */ = {
			isa = XCRemoteSwiftPackageReference;
			repositoryURL = "https://github.com/grpc/grpc-swift.git";
			requirement = {
				kind = upToNextMajorVersion;
				minimumVersion = 1.23.0;
			};
		};
/* End XCRemoteSwiftPackageReference section */

/* Begin XCSwiftPackageProductDependency section */
		F8CCE9542C2F0E3400D456B4 /* GRPC */ = {
			isa = XCSwiftPackageProductDependency;
			package = F8CCE9502C2F0BDD00D456B4 /* XCRemoteSwiftPackageReference "grpc-swift" */;
			productName = GRPC;
		};
/* End XCSwiftPackageProductDependency section */
	};
	rootObject = F8CCE91A2C2F0ABC00D456B4 /* Project object */;
}
